
Microsoft Visual Studio Solution File, Format Version 12.00
# Visual Studio Version 17
VisualStudioVersion = 17.0.31903.59
MinimumVisualStudioVersion = 10.0.40219.1
Project("{2150E333-8FDC-42A3-9474-1A3956D46DE8}") = "Common", "Common", "{18CB52FD-51B8-435E-9D72-8D2C4098032C}"
EndProject
Project("{FAE04EC0-301F-11D3-BF4B-00C04F79EFBC}") = "StripeCreator.Core", "Common\StripeCreator.Core\StripeCreator.Core.csproj", "{01E53694-759D-4096-AE3C-B20CC2A49678}"
EndProject
Project("{2150E333-8FDC-42A3-9474-1A3956D46DE8}") = "Data", "Data", "{CDEDB8AE-0334-4CCB-AADD-A33D569FCA9E}"
EndProject
Project("{FAE04EC0-301F-11D3-BF4B-00C04F79EFBC}") = "StripeCreator.FileStorage", "Data\StripeCreator.FileStorage\StripeCreator.FileStorage.csproj", "{49BAE112-9EA5-4B9E-8A25-CE02E82D2112}"
EndProject
Project("{2150E333-8FDC-42A3-9474-1A3956D46DE8}") = "UI", "UI", "{725D6DFD-F807-4209-A126-AC100E4DF51B}"
EndProject
Project("{FAE04EC0-301F-11D3-BF4B-00C04F79EFBC}") = "StripeCreator.WPF", "UI\StripeCreator.WPF\StripeCreator.WPF.csproj", "{D0E0D710-572D-484B-B98D-6BFD1889C1F4}"
EndProject
Project("{FAE04EC0-301F-11D3-BF4B-00C04F79EFBC}") = "StripeCreator.Business", "Common\StripeCreator.Business\StripeCreator.Business.csproj", "{5BBA4FC6-539E-42AF-BDBC-3CB49E93F242}"
EndProject
Project("{FAE04EC0-301F-11D3-BF4B-00C04F79EFBC}") = "StripeCreator.Stripe", "Common\StripeCreator.Stripe\StripeCreator.Stripe.csproj", "{BA25DA52-4DA3-4AE7-BEA5-1E8CE4377CE1}"
EndProject
Global
	GlobalSection(SolutionConfigurationPlatforms) = preSolution
		Debug|Any CPU = Debug|Any CPU
		Release|Any CPU = Release|Any CPU
	EndGlobalSection
	GlobalSection(SolutionProperties) = preSolution
		HideSolutionNode = FALSE
	EndGlobalSection
	GlobalSection(ProjectConfigurationPlatforms) = postSolution
		{01E53694-759D-4096-AE3C-B20CC2A49678}.Debug|Any CPU.ActiveCfg = Debug|Any CPU
		{01E53694-759D-4096-AE3C-B20CC2A49678}.Debug|Any CPU.Build.0 = Debug|Any CPU
		{01E53694-759D-4096-AE3C-B20CC2A49678}.Release|Any CPU.ActiveCfg = Release|Any CPU
		{01E53694-759D-4096-AE3C-B20CC2A49678}.Release|Any CPU.Build.0 = Release|Any CPU
		{49BAE112-9EA5-4B9E-8A25-CE02E82D2112}.Debug|Any CPU.ActiveCfg = Debug|Any CPU
		{49BAE112-9EA5-4B9E-8A25-CE02E82D2112}.Debug|Any CPU.Build.0 = Debug|Any CPU
		{49BAE112-9EA5-4B9E-8A25-CE02E82D2112}.Release|Any CPU.ActiveCfg = Release|Any CPU
		{49BAE112-9EA5-4B9E-8A25-CE02E82D2112}.Release|Any CPU.Build.0 = Release|Any CPU
		{D0E0D710-572D-484B-B98D-6BFD1889C1F4}.Debug|Any CPU.ActiveCfg = Debug|Any CPU
		{D0E0D710-572D-484B-B98D-6BFD1889C1F4}.Debug|Any CPU.Build.0 = Debug|Any CPU
		{D0E0D710-572D-484B-B98D-6BFD1889C1F4}.Release|Any CPU.ActiveCfg = Release|Any CPU
		{D0E0D710-572D-484B-B98D-6BFD1889C1F4}.Release|Any CPU.Build.0 = Release|Any CPU
		{5BBA4FC6-539E-42AF-BDBC-3CB49E93F242}.Debug|Any CPU.ActiveCfg = Debug|Any CPU
		{5BBA4FC6-539E-42AF-BDBC-3CB49E93F242}.Debug|Any CPU.Build.0 = Debug|Any CPU
		{5BBA4FC6-539E-42AF-BDBC-3CB49E93F242}.Release|Any CPU.ActiveCfg = Release|Any CPU
		{5BBA4FC6-539E-42AF-BDBC-3CB49E93F242}.Release|Any CPU.Build.0 = Release|Any CPU
		{BA25DA52-4DA3-4AE7-BEA5-1E8CE4377CE1}.Debug|Any CPU.ActiveCfg = Debug|Any CPU
		{BA25DA52-4DA3-4AE7-BEA5-1E8CE4377CE1}.Debug|Any CPU.Build.0 = Debug|Any CPU
		{BA25DA52-4DA3-4AE7-BEA5-1E8CE4377CE1}.Release|Any CPU.ActiveCfg = Release|Any CPU
		{BA25DA52-4DA3-4AE7-BEA5-1E8CE4377CE1}.Release|Any CPU.Build.0 = Release|Any CPU
	EndGlobalSection
	GlobalSection(NestedProjects) = preSolution
		{01E53694-759D-4096-AE3C-B20CC2A49678} = {18CB52FD-51B8-435E-9D72-8D2C4098032C}
		{49BAE112-9EA5-4B9E-8A25-CE02E82D2112} = {CDEDB8AE-0334-4CCB-AADD-A33D569FCA9E}
		{D0E0D710-572D-484B-B98D-6BFD1889C1F4} = {725D6DFD-F807-4209-A126-AC100E4DF51B}
		{5BBA4FC6-539E-42AF-BDBC-3CB49E93F242} = {18CB52FD-51B8-435E-9D72-8D2C4098032C}
		{BA25DA52-4DA3-4AE7-BEA5-1E8CE4377CE1} = {18CB52FD-51B8-435E-9D72-8D2C4098032C}
	EndGlobalSection
EndGlobal
