
Microsoft Visual Studio Solution File, Format Version 12.00
# Visual Studio Version 17
VisualStudioVersion = 17.0.31903.59
MinimumVisualStudioVersion = 10.0.40219.1
Project("{2150E333-8FDC-42A3-9474-1A3956D46DE8}") = "Common", "Common", "{18CB52FD-51B8-435E-9D72-8D2C4098032C}"
EndProject
Project("{9A19103F-16F7-4668-BE54-9A1E7A4F7556}") = "StripeCreator.Core", "Common\StripeCreator.Core\StripeCreator.Core.csproj", "{01E53694-759D-4096-AE3C-B20CC2A49678}"
EndProject
Project("{2150E333-8FDC-42A3-9474-1A3956D46DE8}") = "UI", "UI", "{725D6DFD-F807-4209-A126-AC100E4DF51B}"
EndProject
Project("{9A19103F-16F7-4668-BE54-9A1E7A4F7556}") = "StripeCreator.WPF", "UI\StripeCreator.WPF\StripeCreator.WPF.csproj", "{D0E0D710-572D-484B-B98D-6BFD1889C1F4}"
EndProject
Project("{9A19103F-16F7-4668-BE54-9A1E7A4F7556}") = "StripeCreator.Business", "Common\StripeCreator.Business\StripeCreator.Business.csproj", "{5BBA4FC6-539E-42AF-BDBC-3CB49E93F242}"
EndProject
Project("{9A19103F-16F7-4668-BE54-9A1E7A4F7556}") = "StripeCreator.Stripe", "Common\StripeCreator.Stripe\StripeCreator.Stripe.csproj", "{BA25DA52-4DA3-4AE7-BEA5-1E8CE4377CE1}"
EndProject
Project("{2150E333-8FDC-42A3-9474-1A3956D46DE8}") = "Data", "Data", "{BD0533D7-6F55-4630-A543-290E8B0F2A6E}"
EndProject
Project("{9A19103F-16F7-4668-BE54-9A1E7A4F7556}") = "StripeCreator.DAL", "Data\StripeCreator.DAL\StripeCreator.DAL.csproj", "{0849C9B3-1F49-43A3-AAE1-DDFF2B5BA24B}"
EndProject
Project("{9A19103F-16F7-4668-BE54-9A1E7A4F7556}") = "StripeCreator.Statistic", "Common\StripeCreator.Statistic\StripeCreator.Statistic.csproj", "{29183379-CC6A-45B7-B2B9-EEA9CA602E88}"
EndProject
Project("{9A19103F-16F7-4668-BE54-9A1E7A4F7556}") = "StripeCreator.VK", "Data\StripeCreator.VK\StripeCreator.VK.csproj", "{BECBAB8E-ACDB-40D1-A3A6-6C6A848ABE0B}"
EndProject
Project("{2150E333-8FDC-42A3-9474-1A3956D46DE8}") = "Tests", "Tests", "{4A6FB208-7072-4205-BB80-A586F2D7A445}"
EndProject
Project("{2150E333-8FDC-42A3-9474-1A3956D46DE8}") = "Common", "Common", "{58366A5F-94AA-49C3-B753-350F198C3520}"
EndProject
Project("{9A19103F-16F7-4668-BE54-9A1E7A4F7556}") = "StripeCreator.Core.Tests", "Tests\Common\StripeCreator.Core.Tests\StripeCreator.Core.Tests.csproj", "{16636BBB-B9FC-42F4-88F3-7F568BF6EA8C}"
EndProject
Project("{9A19103F-16F7-4668-BE54-9A1E7A4F7556}") = "StripeCreator.Business.Tests", "Tests\Common\StripeCreator.Business.Tests\StripeCreator.Business.Tests.csproj", "{EBC604D6-B3B4-4CE7-A38D-3C11433A8F6F}"
EndProject
Project("{9A19103F-16F7-4668-BE54-9A1E7A4F7556}") = "StripeCreator.Stripe.Tests", "Tests\Common\StripeCreator.Stripe.Tests\StripeCreator.Stripe.Tests.csproj", "{F6E0130A-1ECA-4F90-8C59-062D1DD1EDFC}"
EndProject
Project("{9A19103F-16F7-4668-BE54-9A1E7A4F7556}") = "StripeCreator.DAL.Sqlite", "Data\StripeCreator.DAL.Sqlite\StripeCreator.DAL.Sqlite.csproj", "{567FD47E-35A8-4970-97A6-D7081AA91825}"
EndProject
Project("{2150E333-8FDC-42A3-9474-1A3956D46DE8}") = "Ui", "Ui", "{24022345-9E25-48DC-B82B-724818966D4E}"
EndProject
Project("{9A19103F-16F7-4668-BE54-9A1E7A4F7556}") = "StripeCreator.WPF.Tests", "Tests\Ui\StripeCreator.WPF.Tests\StripeCreator.WPF.Tests.csproj", "{FAB13E35-616B-44E8-B852-D2AF08AA9E94}"
EndProject
Project("{2150E333-8FDC-42A3-9474-1A3956D46DE8}") = "Data", "Data", "{BF531F80-07E6-4B75-8CA3-C37A50982776}"
EndProject
Project("{9A19103F-16F7-4668-BE54-9A1E7A4F7556}") = "StripeCreator.DAL.Tests", "Tests\Data\StripeCreator.DAL.Tests\StripeCreator.DAL.Tests.csproj", "{F5483520-34F5-4BBC-99D7-A39A0FA92DD7}"
EndProject
Global
	GlobalSection(SolutionConfigurationPlatforms) = preSolution
		Debug|Any CPU = Debug|Any CPU
		Release|Any CPU = Release|Any CPU
	EndGlobalSection
	GlobalSection(ProjectConfigurationPlatforms) = postSolution
		{01E53694-759D-4096-AE3C-B20CC2A49678}.Debug|Any CPU.ActiveCfg = Debug|Any CPU
		{01E53694-759D-4096-AE3C-B20CC2A49678}.Debug|Any CPU.Build.0 = Debug|Any CPU
		{01E53694-759D-4096-AE3C-B20CC2A49678}.Release|Any CPU.ActiveCfg = Release|Any CPU
		{01E53694-759D-4096-AE3C-B20CC2A49678}.Release|Any CPU.Build.0 = Release|Any CPU
		{D0E0D710-572D-484B-B98D-6BFD1889C1F4}.Debug|Any CPU.ActiveCfg = Debug|Any CPU
		{D0E0D710-572D-484B-B98D-6BFD1889C1F4}.Debug|Any CPU.Build.0 = Debug|Any CPU
		{D0E0D710-572D-484B-B98D-6BFD1889C1F4}.Release|Any CPU.ActiveCfg = Release|Any CPU
		{D0E0D710-572D-484B-B98D-6BFD1889C1F4}.Release|Any CPU.Build.0 = Release|Any CPU
		{5BBA4FC6-539E-42AF-BDBC-3CB49E93F242}.Debug|Any CPU.ActiveCfg = Debug|Any CPU
		{5BBA4FC6-539E-42AF-BDBC-3CB49E93F242}.Debug|Any CPU.Build.0 = Debug|Any CPU
		{5BBA4FC6-539E-42AF-BDBC-3CB49E93F242}.Release|Any CPU.ActiveCfg = Release|Any CPU
		{5BBA4FC6-539E-42AF-BDBC-3CB49E93F242}.Release|Any CPU.Build.0 = Release|Any CPU
		{BA25DA52-4DA3-4AE7-BEA5-1E8CE4377CE1}.Debug|Any CPU.ActiveCfg = Debug|Any CPU
		{BA25DA52-4DA3-4AE7-BEA5-1E8CE4377CE1}.Debug|Any CPU.Build.0 = Debug|Any CPU
		{BA25DA52-4DA3-4AE7-BEA5-1E8CE4377CE1}.Release|Any CPU.ActiveCfg = Release|Any CPU
		{BA25DA52-4DA3-4AE7-BEA5-1E8CE4377CE1}.Release|Any CPU.Build.0 = Release|Any CPU
		{0849C9B3-1F49-43A3-AAE1-DDFF2B5BA24B}.Debug|Any CPU.ActiveCfg = Debug|Any CPU
		{0849C9B3-1F49-43A3-AAE1-DDFF2B5BA24B}.Debug|Any CPU.Build.0 = Debug|Any CPU
		{0849C9B3-1F49-43A3-AAE1-DDFF2B5BA24B}.Release|Any CPU.ActiveCfg = Release|Any CPU
		{0849C9B3-1F49-43A3-AAE1-DDFF2B5BA24B}.Release|Any CPU.Build.0 = Release|Any CPU
		{29183379-CC6A-45B7-B2B9-EEA9CA602E88}.Debug|Any CPU.ActiveCfg = Debug|Any CPU
		{29183379-CC6A-45B7-B2B9-EEA9CA602E88}.Debug|Any CPU.Build.0 = Debug|Any CPU
		{29183379-CC6A-45B7-B2B9-EEA9CA602E88}.Release|Any CPU.ActiveCfg = Release|Any CPU
		{29183379-CC6A-45B7-B2B9-EEA9CA602E88}.Release|Any CPU.Build.0 = Release|Any CPU
		{BECBAB8E-ACDB-40D1-A3A6-6C6A848ABE0B}.Debug|Any CPU.ActiveCfg = Debug|Any CPU
		{BECBAB8E-ACDB-40D1-A3A6-6C6A848ABE0B}.Debug|Any CPU.Build.0 = Debug|Any CPU
		{BECBAB8E-ACDB-40D1-A3A6-6C6A848ABE0B}.Release|Any CPU.ActiveCfg = Release|Any CPU
		{BECBAB8E-ACDB-40D1-A3A6-6C6A848ABE0B}.Release|Any CPU.Build.0 = Release|Any CPU
		{16636BBB-B9FC-42F4-88F3-7F568BF6EA8C}.Debug|Any CPU.ActiveCfg = Debug|Any CPU
		{16636BBB-B9FC-42F4-88F3-7F568BF6EA8C}.Debug|Any CPU.Build.0 = Debug|Any CPU
		{16636BBB-B9FC-42F4-88F3-7F568BF6EA8C}.Release|Any CPU.ActiveCfg = Release|Any CPU
		{16636BBB-B9FC-42F4-88F3-7F568BF6EA8C}.Release|Any CPU.Build.0 = Release|Any CPU
		{EBC604D6-B3B4-4CE7-A38D-3C11433A8F6F}.Debug|Any CPU.ActiveCfg = Debug|Any CPU
		{EBC604D6-B3B4-4CE7-A38D-3C11433A8F6F}.Debug|Any CPU.Build.0 = Debug|Any CPU
		{EBC604D6-B3B4-4CE7-A38D-3C11433A8F6F}.Release|Any CPU.ActiveCfg = Release|Any CPU
		{EBC604D6-B3B4-4CE7-A38D-3C11433A8F6F}.Release|Any CPU.Build.0 = Release|Any CPU
		{F6E0130A-1ECA-4F90-8C59-062D1DD1EDFC}.Debug|Any CPU.ActiveCfg = Debug|Any CPU
		{F6E0130A-1ECA-4F90-8C59-062D1DD1EDFC}.Debug|Any CPU.Build.0 = Debug|Any CPU
		{F6E0130A-1ECA-4F90-8C59-062D1DD1EDFC}.Release|Any CPU.ActiveCfg = Release|Any CPU
		{F6E0130A-1ECA-4F90-8C59-062D1DD1EDFC}.Release|Any CPU.Build.0 = Release|Any CPU
		{567FD47E-35A8-4970-97A6-D7081AA91825}.Debug|Any CPU.ActiveCfg = Debug|Any CPU
		{567FD47E-35A8-4970-97A6-D7081AA91825}.Debug|Any CPU.Build.0 = Debug|Any CPU
		{567FD47E-35A8-4970-97A6-D7081AA91825}.Release|Any CPU.ActiveCfg = Release|Any CPU
		{567FD47E-35A8-4970-97A6-D7081AA91825}.Release|Any CPU.Build.0 = Release|Any CPU
		{FAB13E35-616B-44E8-B852-D2AF08AA9E94}.Debug|Any CPU.ActiveCfg = Debug|Any CPU
		{FAB13E35-616B-44E8-B852-D2AF08AA9E94}.Debug|Any CPU.Build.0 = Debug|Any CPU
		{FAB13E35-616B-44E8-B852-D2AF08AA9E94}.Release|Any CPU.ActiveCfg = Release|Any CPU
		{FAB13E35-616B-44E8-B852-D2AF08AA9E94}.Release|Any CPU.Build.0 = Release|Any CPU
		{F5483520-34F5-4BBC-99D7-A39A0FA92DD7}.Debug|Any CPU.ActiveCfg = Debug|Any CPU
		{F5483520-34F5-4BBC-99D7-A39A0FA92DD7}.Debug|Any CPU.Build.0 = Debug|Any CPU
		{F5483520-34F5-4BBC-99D7-A39A0FA92DD7}.Release|Any CPU.ActiveCfg = Release|Any CPU
		{F5483520-34F5-4BBC-99D7-A39A0FA92DD7}.Release|Any CPU.Build.0 = Release|Any CPU
	EndGlobalSection
	GlobalSection(SolutionProperties) = preSolution
		HideSolutionNode = FALSE
	EndGlobalSection
	GlobalSection(NestedProjects) = preSolution
		{01E53694-759D-4096-AE3C-B20CC2A49678} = {18CB52FD-51B8-435E-9D72-8D2C4098032C}
		{D0E0D710-572D-484B-B98D-6BFD1889C1F4} = {725D6DFD-F807-4209-A126-AC100E4DF51B}
		{5BBA4FC6-539E-42AF-BDBC-3CB49E93F242} = {18CB52FD-51B8-435E-9D72-8D2C4098032C}
		{BA25DA52-4DA3-4AE7-BEA5-1E8CE4377CE1} = {18CB52FD-51B8-435E-9D72-8D2C4098032C}
		{0849C9B3-1F49-43A3-AAE1-DDFF2B5BA24B} = {BD0533D7-6F55-4630-A543-290E8B0F2A6E}
		{29183379-CC6A-45B7-B2B9-EEA9CA602E88} = {18CB52FD-51B8-435E-9D72-8D2C4098032C}
		{BECBAB8E-ACDB-40D1-A3A6-6C6A848ABE0B} = {BD0533D7-6F55-4630-A543-290E8B0F2A6E}
		{58366A5F-94AA-49C3-B753-350F198C3520} = {4A6FB208-7072-4205-BB80-A586F2D7A445}
		{16636BBB-B9FC-42F4-88F3-7F568BF6EA8C} = {58366A5F-94AA-49C3-B753-350F198C3520}
		{EBC604D6-B3B4-4CE7-A38D-3C11433A8F6F} = {58366A5F-94AA-49C3-B753-350F198C3520}
		{F6E0130A-1ECA-4F90-8C59-062D1DD1EDFC} = {58366A5F-94AA-49C3-B753-350F198C3520}
		{567FD47E-35A8-4970-97A6-D7081AA91825} = {BD0533D7-6F55-4630-A543-290E8B0F2A6E}
		{24022345-9E25-48DC-B82B-724818966D4E} = {4A6FB208-7072-4205-BB80-A586F2D7A445}
		{FAB13E35-616B-44E8-B852-D2AF08AA9E94} = {24022345-9E25-48DC-B82B-724818966D4E}
		{BF531F80-07E6-4B75-8CA3-C37A50982776} = {4A6FB208-7072-4205-BB80-A586F2D7A445}
		{F5483520-34F5-4BBC-99D7-A39A0FA92DD7} = {BF531F80-07E6-4B75-8CA3-C37A50982776}
	EndGlobalSection
	GlobalSection(ExtensibilityGlobals) = postSolution
		SolutionGuid = {C289F5AB-BDD1-4D92-8A40-3163E4F9D792}
	EndGlobalSection
EndGlobal
